{
  "name": "@dc333/webpack-plugins",
  "version": "1.0.0",
  "lockfileVersion": 3,
  "requires": true,
  "packages": {
    "": {
      "name": "@dc333/webpack-plugins",
      "version": "1.0.0",
      "license": "ISC",
      "dependencies": {
        "@dc333/webpack-plugins": "^1.0.0"
      }
    },
    "node_modules/@dc333/webpack-plugins": {
      "version": "1.0.0",
      "resolved": "https://registry.npmjs.org/@dc333/webpack-plugins/-/webpack-plugins-1.0.0.tgz",
      "integrity": "sha512-QgfmnIN0BFEUYzFuUG3aIkX7fgJPx4ASilf57Ta7lzi215s8joT63O1e087uyHAYqZUTVoFMzUCc74eN6hUYVg==",
      "license": "ISC"
    }
  }
}
